
Microsoft Visual Studio Solution File, Format Version 12.00
# Visual Studio Version 17
VisualStudioVersion = 17.5.33516.290
MinimumVisualStudioVersion = 10.0.40219.1
Project("{9A19103F-16F7-4668-BE54-9A1E7A4F7556}") = "Abp.RedisCache.SpanJson", "src\Abp.RedisCache.SpanJson\Abp.RedisCache.SpanJson.csproj", "{EDE8A4FF-961D-4BE7-9490-CA1E8B1ED6B7}"
EndProject
Project("{9A19103F-16F7-4668-BE54-9A1E7A4F7556}") = "Abp.RedisCache.SpanJson.Tests", "tests\Abp.RedisCache.SpanJson.Tests\Abp.RedisCache.SpanJson.Tests.csproj", "{AAB144D0-B7FC-4D77-B85A-4B483B12F38B}"
EndProject
Project("{2150E333-8FDC-42A3-9474-1A3956D46DE8}") = "tests", "tests", "{A45CBAA8-CCC1-44F3-894B-576D6E3A33BB}"
EndProject
Project("{2150E333-8FDC-42A3-9474-1A3956D46DE8}") = "lib", "lib", "{7CFAB5D6-A692-4093-B310-456BDB25981E}"
EndProject
Project("{2150E333-8FDC-42A3-9474-1A3956D46DE8}") = "Solution Items", "Solution Items", "{341590A0-C9F1-4F3E-B500-7476EEC0AC42}"
	ProjectSection(SolutionItems) = preProject
		.editorconfig = .editorconfig
		.gitignore = .gitignore
		LICENSE = LICENSE
		.github\workflows\main.yml = .github\workflows\main.yml
		README.md = README.md
		use.png = use.png
		version.json = version.json
	EndProjectSection
EndProject
Global
	GlobalSection(SolutionConfigurationPlatforms) = preSolution
		Debug|Any CPU = Debug|Any CPU
		Release|Any CPU = Release|Any CPU
	EndGlobalSection
	GlobalSection(ProjectConfigurationPlatforms) = postSolution
		{EDE8A4FF-961D-4BE7-9490-CA1E8B1ED6B7}.Debug|Any CPU.ActiveCfg = Debug|Any CPU
		{EDE8A4FF-961D-4BE7-9490-CA1E8B1ED6B7}.Debug|Any CPU.Build.0 = Debug|Any CPU
		{EDE8A4FF-961D-4BE7-9490-CA1E8B1ED6B7}.Release|Any CPU.ActiveCfg = Release|Any CPU
		{EDE8A4FF-961D-4BE7-9490-CA1E8B1ED6B7}.Release|Any CPU.Build.0 = Release|Any CPU
		{AAB144D0-B7FC-4D77-B85A-4B483B12F38B}.Debug|Any CPU.ActiveCfg = Debug|Any CPU
		{AAB144D0-B7FC-4D77-B85A-4B483B12F38B}.Debug|Any CPU.Build.0 = Debug|Any CPU
		{AAB144D0-B7FC-4D77-B85A-4B483B12F38B}.Release|Any CPU.ActiveCfg = Release|Any CPU
		{AAB144D0-B7FC-4D77-B85A-4B483B12F38B}.Release|Any CPU.Build.0 = Release|Any CPU
	EndGlobalSection
	GlobalSection(SolutionProperties) = preSolution
		HideSolutionNode = FALSE
	EndGlobalSection
	GlobalSection(NestedProjects) = preSolution
		{EDE8A4FF-961D-4BE7-9490-CA1E8B1ED6B7} = {7CFAB5D6-A692-4093-B310-456BDB25981E}
		{AAB144D0-B7FC-4D77-B85A-4B483B12F38B} = {A45CBAA8-CCC1-44F3-894B-576D6E3A33BB}
	EndGlobalSection
	GlobalSection(ExtensibilityGlobals) = postSolution
		SolutionGuid = {DBB18972-2E52-4C77-941D-4AE60DC137A2}
	EndGlobalSection
EndGlobal
